
Microsoft Visual Studio Solution File, Format Version 12.00
# Visual Studio Version 17
VisualStudioVersion = 17.10.35013.160
MinimumVisualStudioVersion = 10.0.40219.1
Project("{9A19103F-16F7-4668-BE54-9A1E7A4F7556}") = "IntroductionToBlazor", "IntroductionToBlazor\IntroductionToBlazor.csproj", "{2B9B5A39-2B71-4D44-89AD-A8D9426F5F7C}"
EndProject
Project("{FAE04EC0-301F-11D3-BF4B-00C04F79EFBC}") = "TODOList", "TODOList\TODOList.csproj", "{6E1486A4-B1A3-4740-A755-2FDD46779594}"
EndProject
Global
	GlobalSection(SolutionConfigurationPlatforms) = preSolution
		Debug|Any CPU = Debug|Any CPU
		Release|Any CPU = Release|Any CPU
	EndGlobalSection
	GlobalSection(ProjectConfigurationPlatforms) = postSolution
		{2B9B5A39-2B71-4D44-89AD-A8D9426F5F7C}.Debug|Any CPU.ActiveCfg = Debug|Any CPU
		{2B9B5A39-2B71-4D44-89AD-A8D9426F5F7C}.Debug|Any CPU.Build.0 = Debug|Any CPU
		{2B9B5A39-2B71-4D44-89AD-A8D9426F5F7C}.Release|Any CPU.ActiveCfg = Release|Any CPU
		{2B9B5A39-2B71-4D44-89AD-A8D9426F5F7C}.Release|Any CPU.Build.0 = Release|Any CPU
		{6E1486A4-B1A3-4740-A755-2FDD46779594}.Debug|Any CPU.ActiveCfg = Debug|Any CPU
		{6E1486A4-B1A3-4740-A755-2FDD46779594}.Debug|Any CPU.Build.0 = Debug|Any CPU
		{6E1486A4-B1A3-4740-A755-2FDD46779594}.Release|Any CPU.ActiveCfg = Release|Any CPU
		{6E1486A4-B1A3-4740-A755-2FDD46779594}.Release|Any CPU.Build.0 = Release|Any CPU
	EndGlobalSection
	GlobalSection(SolutionProperties) = preSolution
		HideSolutionNode = FALSE
	EndGlobalSection
	GlobalSection(ExtensibilityGlobals) = postSolution
		SolutionGuid = {38B961EE-39B6-4DC9-8E7D-646F07AB22BB}
	EndGlobalSection
EndGlobal
